// !$*UTF8*$!
{
	archiveVersion = 1;
	classes = {
	};
	objectVersion = 50;
	objects = {

/* Begin PBXBuildFile section */
		BD1F44FD26B1D60600D374AA /* AppDelegate.swift in Sources */ = {isa = PBXBuildFile; fileRef = BD1F44FC26B1D60600D374AA /* AppDelegate.swift */; };
		BD1F44FF26B1D60600D374AA /* SceneDelegate.swift in Sources */ = {isa = PBXBuildFile; fileRef = BD1F44FE26B1D60600D374AA /* SceneDelegate.swift */; };
		BD1F450126B1D60600D374AA /* ViewController.swift in Sources */ = {isa = PBXBuildFile; fileRef = BD1F450026B1D60600D374AA /* ViewController.swift */; };
		BD1F450426B1D60600D374AA /* Main.storyboard in Resources */ = {isa = PBXBuildFile; fileRef = BD1F450226B1D60600D374AA /* Main.storyboard */; };
		BD1F450726B1D60600D374AA /* MiniProject1.xcdatamodeld in Sources */ = {isa = PBXBuildFile; fileRef = BD1F450526B1D60600D374AA /* MiniProject1.xcdatamodeld */; };
		BD1F450926B1D60700D374AA /* Assets.xcassets in Resources */ = {isa = PBXBuildFile; fileRef = BD1F450826B1D60700D374AA /* Assets.xcassets */; };
		BD1F450C26B1D60700D374AA /* LaunchScreen.storyboard in Resources */ = {isa = PBXBuildFile; fileRef = BD1F450A26B1D60700D374AA /* LaunchScreen.storyboard */; };
		BD1F451726B1D60700D374AA /* MiniProject1Tests.swift in Sources */ = {isa = PBXBuildFile; fileRef = BD1F451626B1D60700D374AA /* MiniProject1Tests.swift */; };
		BD1F452226B1D60700D374AA /* MiniProject1UITests.swift in Sources */ = {isa = PBXBuildFile; fileRef = BD1F452126B1D60700D374AA /* MiniProject1UITests.swift */; };
/* End PBXBuildFile section */

/* Begin PBXContainerItemProxy section */
		BD1F451326B1D60700D374AA /* PBXContainerItemProxy */ = {
			isa = PBXContainerItemProxy;
			containerPortal = BD1F44F126B1D60600D374AA /* Project object */;
			proxyType = 1;
			remoteGlobalIDString = BD1F44F826B1D60600D374AA;
			remoteInfo = MiniProject1;
		};
		BD1F451E26B1D60700D374AA /* PBXContainerItemProxy */ = {
			isa = PBXContainerItemProxy;
			containerPortal = BD1F44F126B1D60600D374AA /* Project object */;
			proxyType = 1;
			remoteGlobalIDString = BD1F44F826B1D60600D374AA;
			remoteInfo = MiniProject1;
		};
/* End PBXContainerItemProxy section */

/* Begin PBXFileReference section */
		BD1F44F926B1D60600D374AA /* MiniProject1.app */ = {isa = PBXFileReference; explicitFileType = wrapper.application; includeInIndex = 0; path = MiniProject1.app; sourceTree = BUILT_PRODUCTS_DIR; };
		BD1F44FC26B1D60600D374AA /* AppDelegate.swift */ = {isa = PBXFileReference; lastKnownFileType = sourcecode.swift; path = AppDelegate.swift; sourceTree = "<group>"; };
		BD1F44FE26B1D60600D374AA /* SceneDelegate.swift */ = {isa = PBXFileReference; lastKnownFileType = sourcecode.swift; path = SceneDelegate.swift; sourceTree = "<group>"; };
		BD1F450026B1D60600D374AA /* ViewController.swift */ = {isa = PBXFileReference; lastKnownFileType = sourcecode.swift; path = ViewController.swift; sourceTree = "<group>"; };
		BD1F450326B1D60600D374AA /* Base */ = {isa = PBXFileReference; lastKnownFileType = file.storyboard; name = Base; path = Base.lproj/Main.storyboard; sourceTree = "<group>"; };
		BD1F450626B1D60600D374AA /* MiniProject1.xcdatamodel */ = {isa = PBXFileReference; lastKnownFileType = wrapper.xcdatamodel; path = MiniProject1.xcdatamodel; sourceTree = "<group>"; };
		BD1F450826B1D60700D374AA /* Assets.xcassets */ = {isa = PBXFileReference; lastKnownFileType = folder.assetcatalog; path = Assets.xcassets; sourceTree = "<group>"; };
		BD1F450B26B1D60700D374AA /* Base */ = {isa = PBXFileReference; lastKnownFileType = file.storyboard; name = Base; path = Base.lproj/LaunchScreen.storyboard; sourceTree = "<group>"; };
		BD1F450D26B1D60700D374AA /* Info.plist */ = {isa = PBXFileReference; lastKnownFileType = text.plist.xml; path = Info.plist; sourceTree = "<group>"; };
		BD1F451226B1D60700D374AA /* MiniProject1Tests.xctest */ = {isa = PBXFileReference; explicitFileType = wrapper.cfbundle; includeInIndex = 0; path = MiniProject1Tests.xctest; sourceTree = BUILT_PRODUCTS_DIR; };
		BD1F451626B1D60700D374AA /* MiniProject1Tests.swift */ = {isa = PBXFileReference; lastKnownFileType = sourcecode.swift; path = MiniProject1Tests.swift; sourceTree = "<group>"; };
		BD1F451826B1D60700D374AA /* Info.plist */ = {isa = PBXFileReference; lastKnownFileType = text.plist.xml; path = Info.plist; sourceTree = "<group>"; };
		BD1F451D26B1D60700D374AA /* MiniProject1UITests.xctest */ = {isa = PBXFileReference; explicitFileType = wrapper.cfbundle; includeInIndex = 0; path = MiniProject1UITests.xctest; sourceTree = BUILT_PRODUCTS_DIR; };
		BD1F452126B1D60700D374AA /* MiniProject1UITests.swift */ = {isa = PBXFileReference; lastKnownFileType = sourcecode.swift; path = MiniProject1UITests.swift; sourceTree = "<group>"; };
		BD1F452326B1D60700D374AA /* Info.plist */ = {isa = PBXFileReference; lastKnownFileType = text.plist.xml; path = Info.plist; sourceTree = "<group>"; };
/* End PBXFileReference section */

/* Begin PBXFrameworksBuildPhase section */
		BD1F44F626B1D60600D374AA /* Frameworks */ = {
			isa = PBXFrameworksBuildPhase;
			buildActionMask = 2147483647;
			files = (
			);
			runOnlyForDeploymentPostprocessing = 0;
		};
		BD1F450F26B1D60700D374AA /* Frameworks */ = {
			isa = PBXFrameworksBuildPhase;
			buildActionMask = 2147483647;
			files = (
			);
			runOnlyForDeploymentPostprocessing = 0;
		};
		BD1F451A26B1D60700D374AA /* Frameworks */ = {
			isa = PBXFrameworksBuildPhase;
			buildActionMask = 2147483647;
			files = (
			);
			runOnlyForDeploymentPostprocessing = 0;
		};
/* End PBXFrameworksBuildPhase section */

/* Begin PBXGroup section */
		BD1F44F026B1D60600D374AA = {
			isa = PBXGroup;
			children = (
				BD1F44FB26B1D60600D374AA /* MiniProject1 */,
				BD1F451526B1D60700D374AA /* MiniProject1Tests */,
				BD1F452026B1D60700D374AA /* MiniProject1UITests */,
				BD1F44FA26B1D60600D374AA /* Products */,
			);
			sourceTree = "<group>";
		};
		BD1F44FA26B1D60600D374AA /* Products */ = {
			isa = PBXGroup;
			children = (
				BD1F44F926B1D60600D374AA /* MiniProject1.app */,
				BD1F451226B1D60700D374AA /* MiniProject1Tests.xctest */,
				BD1F451D26B1D60700D374AA /* MiniProject1UITests.xctest */,
			);
			name = Products;
			sourceTree = "<group>";
		};
		BD1F44FB26B1D60600D374AA /* MiniProject1 */ = {
			isa = PBXGroup;
			children = (
				BD1F44FC26B1D60600D374AA /* AppDelegate.swift */,
				BD1F44FE26B1D60600D374AA /* SceneDelegate.swift */,
				BD1F450026B1D60600D374AA /* ViewController.swift */,
				BD1F450226B1D60600D374AA /* Main.storyboard */,
				BD1F450826B1D60700D374AA /* Assets.xcassets */,
				BD1F450A26B1D60700D374AA /* LaunchScreen.storyboard */,
				BD1F450D26B1D60700D374AA /* Info.plist */,
				BD1F450526B1D60600D374AA /* MiniProject1.xcdatamodeld */,
			);
			path = MiniProject1;
			sourceTree = "<group>";
		};
		BD1F451526B1D60700D374AA /* MiniProject1Tests */ = {
			isa = PBXGroup;
			children = (
				BD1F451626B1D60700D374AA /* MiniProject1Tests.swift */,
				BD1F451826B1D60700D374AA /* Info.plist */,
			);
			path = MiniProject1Tests;
			sourceTree = "<group>";
		};
		BD1F452026B1D60700D374AA /* MiniProject1UITests */ = {
			isa = PBXGroup;
			children = (
				BD1F452126B1D60700D374AA /* MiniProject1UITests.swift */,
				BD1F452326B1D60700D374AA /* Info.plist */,
			);
			path = MiniProject1UITests;
			sourceTree = "<group>";
		};
/* End PBXGroup section */

/* Begin PBXNativeTarget section */
		BD1F44F826B1D60600D374AA /* MiniProject1 */ = {
			isa = PBXNativeTarget;
			buildConfigurationList = BD1F452626B1D60700D374AA /* Build configuration list for PBXNativeTarget "MiniProject1" */;
			buildPhases = (
				BD1F44F526B1D60600D374AA /* Sources */,
				BD1F44F626B1D60600D374AA /* Frameworks */,
				BD1F44F726B1D60600D374AA /* Resources */,
			);
			buildRules = (
			);
			dependencies = (
			);
			name = MiniProject1;
			productName = MiniProject1;
			productReference = BD1F44F926B1D60600D374AA /* MiniProject1.app */;
			productType = "com.apple.product-type.application";
		};
		BD1F451126B1D60700D374AA /* MiniProject1Tests */ = {
			isa = PBXNativeTarget;
			buildConfigurationList = BD1F452926B1D60700D374AA /* Build configuration list for PBXNativeTarget "MiniProject1Tests" */;
			buildPhases = (
				BD1F450E26B1D60700D374AA /* Sources */,
				BD1F450F26B1D60700D374AA /* Frameworks */,
				BD1F451026B1D60700D374AA /* Resources */,
			);
			buildRules = (
			);
			dependencies = (
				BD1F451426B1D60700D374AA /* PBXTargetDependency */,
			);
			name = MiniProject1Tests;
			productName = MiniProject1Tests;
			productReference = BD1F451226B1D60700D374AA /* MiniProject1Tests.xctest */;
			productType = "com.apple.product-type.bundle.unit-test";
		};
		BD1F451C26B1D60700D374AA /* MiniProject1UITests */ = {
			isa = PBXNativeTarget;
			buildConfigurationList = BD1F452C26B1D60700D374AA /* Build configuration list for PBXNativeTarget "MiniProject1UITests" */;
			buildPhases = (
				BD1F451926B1D60700D374AA /* Sources */,
				BD1F451A26B1D60700D374AA /* Frameworks */,
				BD1F451B26B1D60700D374AA /* Resources */,
			);
			buildRules = (
			);
			dependencies = (
				BD1F451F26B1D60700D374AA /* PBXTargetDependency */,
			);
			name = MiniProject1UITests;
			productName = MiniProject1UITests;
			productReference = BD1F451D26B1D60700D374AA /* MiniProject1UITests.xctest */;
			productType = "com.apple.product-type.bundle.ui-testing";
		};
/* End PBXNativeTarget section */

/* Begin PBXProject section */
		BD1F44F126B1D60600D374AA /* Project object */ = {
			isa = PBXProject;
			attributes = {
				LastSwiftUpdateCheck = 1250;
				LastUpgradeCheck = 1250;
				TargetAttributes = {
					BD1F44F826B1D60600D374AA = {
						CreatedOnToolsVersion = 12.5.1;
					};
					BD1F451126B1D60700D374AA = {
						CreatedOnToolsVersion = 12.5.1;
						TestTargetID = BD1F44F826B1D60600D374AA;
					};
					BD1F451C26B1D60700D374AA = {
						CreatedOnToolsVersion = 12.5.1;
						TestTargetID = BD1F44F826B1D60600D374AA;
					};
				};
			};
			buildConfigurationList = BD1F44F426B1D60600D374AA /* Build configuration list for PBXProject "MiniProject1" */;
			compatibilityVersion = "Xcode 9.3";
			developmentRegion = en;
			hasScannedForEncodings = 0;
			knownRegions = (
				en,
				Base,
			);
			mainGroup = BD1F44F026B1D60600D374AA;
			productRefGroup = BD1F44FA26B1D60600D374AA /* Products */;
			projectDirPath = "";
			projectRoot = "";
			targets = (
				BD1F44F826B1D60600D374AA /* MiniProject1 */,
				BD1F451126B1D60700D374AA /* MiniProject1Tests */,
				BD1F451C26B1D60700D374AA /* MiniProject1UITests */,
			);
		};
/* End PBXProject section */

/* Begin PBXResourcesBuildPhase section */
		BD1F44F726B1D60600D374AA /* Resources */ = {
			isa = PBXResourcesBuildPhase;
			buildActionMask = 2147483647;
			files = (
				BD1F450C26B1D60700D374AA /* LaunchScreen.storyboard in Resources */,
				BD1F450926B1D60700D374AA /* Assets.xcassets in Resources */,
				BD1F450426B1D60600D374AA /* Main.storyboard in Resources */,
			);
			runOnlyForDeploymentPostprocessing = 0;
		};
		BD1F451026B1D60700D374AA /* Resources */ = {
			isa = PBXResourcesBuildPhase;
			buildActionMask = 2147483647;
			files = (
			);
			runOnlyForDeploymentPostprocessing = 0;
		};
		BD1F451B26B1D60700D374AA /* Resources */ = {
			isa = PBXResourcesBuildPhase;
			buildActionMask = 2147483647;
			files = (
			);
			runOnlyForDeploymentPostprocessing = 0;
		};
/* End PBXResourcesBuildPhase section */

/* Begin PBXSourcesBuildPhase section */
		BD1F44F526B1D60600D374AA /* Sources */ = {
			isa = PBXSourcesBuildPhase;
			buildActionMask = 2147483647;
			files = (
				BD1F450126B1D60600D374AA /* ViewController.swift in Sources */,
				BD1F44FD26B1D60600D374AA /* AppDelegate.swift in Sources */,
				BD1F450726B1D60600D374AA /* MiniProject1.xcdatamodeld in Sources */,
				BD1F44FF26B1D60600D374AA /* SceneDelegate.swift in Sources */,
			);
			runOnlyForDeploymentPostprocessing = 0;
		};
		BD1F450E26B1D60700D374AA /* Sources */ = {
			isa = PBXSourcesBuildPhase;
			buildActionMask = 2147483647;
			files = (
				BD1F451726B1D60700D374AA /* MiniProject1Tests.swift in Sources */,
			);
			runOnlyForDeploymentPostprocessing = 0;
		};
		BD1F451926B1D60700D374AA /* Sources */ = {
			isa = PBXSourcesBuildPhase;
			buildActionMask = 2147483647;
			files = (
				BD1F452226B1D60700D374AA /* MiniProject1UITests.swift in Sources */,
			);
			runOnlyForDeploymentPostprocessing = 0;
		};
/* End PBXSourcesBuildPhase section */

/* Begin PBXTargetDependency section */
		BD1F451426B1D60700D374AA /* PBXTargetDependency */ = {
			isa = PBXTargetDependency;
			target = BD1F44F826B1D60600D374AA /* MiniProject1 */;
			targetProxy = BD1F451326B1D60700D374AA /* PBXContainerItemProxy */;
		};
		BD1F451F26B1D60700D374AA /* PBXTargetDependency */ = {
			isa = PBXTargetDependency;
			target = BD1F44F826B1D60600D374AA /* MiniProject1 */;
			targetProxy = BD1F451E26B1D60700D374AA /* PBXContainerItemProxy */;
		};
/* End PBXTargetDependency section */

/* Begin PBXVariantGroup section */
		BD1F450226B1D60600D374AA /* Main.storyboard */ = {
			isa = PBXVariantGroup;
			children = (
				BD1F450326B1D60600D374AA /* Base */,
			);
			name = Main.storyboard;
			sourceTree = "<group>";
		};
		BD1F450A26B1D60700D374AA /* LaunchScreen.storyboard */ = {
			isa = PBXVariantGroup;
			children = (
				BD1F450B26B1D60700D374AA /* Base */,
			);
			name = LaunchScreen.storyboard;
			sourceTree = "<group>";
		};
/* End PBXVariantGroup section */

/* Begin XCBuildConfiguration section */
		BD1F452426B1D60700D374AA /* Debug */ = {
			isa = XCBuildConfiguration;
			buildSettings = {
				ALWAYS_SEARCH_USER_PATHS = NO;
				CLANG_ANALYZER_NONNULL = YES;
				CLANG_ANALYZER_NUMBER_OBJECT_CONVERSION = YES_AGGRESSIVE;
				CLANG_CXX_LANGUAGE_STANDARD = "gnu++14";
				CLANG_CXX_LIBRARY = "libc++";
				CLANG_ENABLE_MODULES = YES;
				CLANG_ENABLE_OBJC_ARC = YES;
				CLANG_ENABLE_OBJC_WEAK = YES;
				CLANG_WARN_BLOCK_CAPTURE_AUTORELEASING = YES;
				CLANG_WARN_BOOL_CONVERSION = YES;
				CLANG_WARN_COMMA = YES;
				CLANG_WARN_CONSTANT_CONVERSION = YES;
				CLANG_WARN_DEPRECATED_OBJC_IMPLEMENTATIONS = YES;
				CLANG_WARN_DIRECT_OBJC_ISA_USAGE = YES_ERROR;
				CLANG_WARN_DOCUMENTATION_COMMENTS = YES;
				CLANG_WARN_EMPTY_BODY = YES;
				CLANG_WARN_ENUM_CONVERSION = YES;
				CLANG_WARN_INFINITE_RECURSION = YES;
				CLANG_WARN_INT_CONVERSION = YES;
				CLANG_WARN_NON_LITERAL_NULL_CONVERSION = YES;
				CLANG_WARN_OBJC_IMPLICIT_RETAIN_SELF = YES;
				CLANG_WARN_OBJC_LITERAL_CONVERSION = YES;
				CLANG_WARN_OBJC_ROOT_CLASS = YES_ERROR;
				CLANG_WARN_QUOTED_INCLUDE_IN_FRAMEWORK_HEADER = YES;
				CLANG_WARN_RANGE_LOOP_ANALYSIS = YES;
				CLANG_WARN_STRICT_PROTOTYPES = YES;
				CLANG_WARN_SUSPICIOUS_MOVE = YES;
				CLANG_WARN_UNGUARDED_AVAILABILITY = YES_AGGRESSIVE;
				CLANG_WARN_UNREACHABLE_CODE = YES;
				CLANG_WARN__DUPLICATE_METHOD_MATCH = YES;
				COPY_PHASE_STRIP = NO;
				DEBUG_INFORMATION_FORMAT = dwarf;
				ENABLE_STRICT_OBJC_MSGSEND = YES;
				ENABLE_TESTABILITY = YES;
				GCC_C_LANGUAGE_STANDARD = gnu11;
				GCC_DYNAMIC_NO_PIC = NO;
				GCC_NO_COMMON_BLOCKS = YES;
				GCC_OPTIMIZATION_LEVEL = 0;
				GCC_PREPROCESSOR_DEFINITIONS = (
					"DEBUG=1",
					"$(inherited)",
				);
				GCC_WARN_64_TO_32_BIT_CONVERSION = YES;
				GCC_WARN_ABOUT_RETURN_TYPE = YES_ERROR;
				GCC_WARN_UNDECLARED_SELECTOR = YES;
				GCC_WARN_UNINITIALIZED_AUTOS = YES_AGGRESSIVE;
				GCC_WARN_UNUSED_FUNCTION = YES;
				GCC_WARN_UNUSED_VARIABLE = YES;
				IPHONEOS_DEPLOYMENT_TARGET = 14.5;
				MTL_ENABLE_DEBUG_INFO = INCLUDE_SOURCE;
				MTL_FAST_MATH = YES;
				ONLY_ACTIVE_ARCH = YES;
				SDKROOT = iphoneos;
				SWIFT_ACTIVE_COMPILATION_CONDITIONS = DEBUG;
				SWIFT_OPTIMIZATION_LEVEL = "-Onone";
			};
			name = Debug;
		};
		BD1F452526B1D60700D374AA /* Release */ = {
			isa = XCBuildConfiguration;
			buildSettings = {
				ALWAYS_SEARCH_USER_PATHS = NO;
				CLANG_ANALYZER_NONNULL = YES;
				CLANG_ANALYZER_NUMBER_OBJECT_CONVERSION = YES_AGGRESSIVE;
				CLANG_CXX_LANGUAGE_STANDARD = "gnu++14";
				CLANG_CXX_LIBRARY = "libc++";
				CLANG_ENABLE_MODULES = YES;
				CLANG_ENABLE_OBJC_ARC = YES;
				CLANG_ENABLE_OBJC_WEAK = YES;
				CLANG_WARN_BLOCK_CAPTURE_AUTORELEASING = YES;
				CLANG_WARN_BOOL_CONVERSION = YES;
				CLANG_WARN_COMMA = YES;
				CLANG_WARN_CONSTANT_CONVERSION = YES;
				CLANG_WARN_DEPRECATED_OBJC_IMPLEMENTATIONS = YES;
				CLANG_WARN_DIRECT_OBJC_ISA_USAGE = YES_ERROR;
				CLANG_WARN_DOCUMENTATION_COMMENTS = YES;
				CLANG_WARN_EMPTY_BODY = YES;
				CLANG_WARN_ENUM_CONVERSION = YES;
				CLANG_WARN_INFINITE_RECURSION = YES;
				CLANG_WARN_INT_CONVERSION = YES;
				CLANG_WARN_NON_LITERAL_NULL_CONVERSION = YES;
				CLANG_WARN_OBJC_IMPLICIT_RETAIN_SELF = YES;
				CLANG_WARN_OBJC_LITERAL_CONVERSION = YES;
				CLANG_WARN_OBJC_ROOT_CLASS = YES_ERROR;
				CLANG_WARN_QUOTED_INCLUDE_IN_FRAMEWORK_HEADER = YES;
				CLANG_WARN_RANGE_LOOP_ANALYSIS = YES;
				CLANG_WARN_STRICT_PROTOTYPES = YES;
				CLANG_WARN_SUSPICIOUS_MOVE = YES;
				CLANG_WARN_UNGUARDED_AVAILABILITY = YES_AGGRESSIVE;
				CLANG_WARN_UNREACHABLE_CODE = YES;
				CLANG_WARN__DUPLICATE_METHOD_MATCH = YES;
				COPY_PHASE_STRIP = NO;
				DEBUG_INFORMATION_FORMAT = "dwarf-with-dsym";
				ENABLE_NS_ASSERTIONS = NO;
				ENABLE_STRICT_OBJC_MSGSEND = YES;
				GCC_C_LANGUAGE_STANDARD = gnu11;
				GCC_NO_COMMON_BLOCKS = YES;
				GCC_WARN_64_TO_32_BIT_CONVERSION = YES;
				GCC_WARN_ABOUT_RETURN_TYPE = YES_ERROR;
				GCC_WARN_UNDECLARED_SELECTOR = YES;
				GCC_WARN_UNINITIALIZED_AUTOS = YES_AGGRESSIVE;
				GCC_WARN_UNUSED_FUNCTION = YES;
				GCC_WARN_UNUSED_VARIABLE = YES;
				IPHONEOS_DEPLOYMENT_TARGET = 14.5;
				MTL_ENABLE_DEBUG_INFO = NO;
				MTL_FAST_MATH = YES;
				SDKROOT = iphoneos;
				SWIFT_COMPILATION_MODE = wholemodule;
				SWIFT_OPTIMIZATION_LEVEL = "-O";
				VALIDATE_PRODUCT = YES;
			};
			name = Release;
		};
		BD1F452726B1D60700D374AA /* Debug */ = {
			isa = XCBuildConfiguration;
			buildSettings = {
				ASSETCATALOG_COMPILER_APPICON_NAME = AppIcon;
				ASSETCATALOG_COMPILER_GLOBAL_ACCENT_COLOR_NAME = AccentColor;
				CODE_SIGN_STYLE = Automatic;
				INFOPLIST_FILE = MiniProject1/Info.plist;
				LD_RUNPATH_SEARCH_PATHS = (
					"$(inherited)",
					"@executable_path/Frameworks",
				);
				PRODUCT_BUNDLE_IDENTIFIER = KWK.MiniProject1;
				PRODUCT_NAME = "$(TARGET_NAME)";
				SWIFT_VERSION = 5.0;
				TARGETED_DEVICE_FAMILY = "1,2";
			};
			name = Debug;
		};
		BD1F452826B1D60700D374AA /* Release */ = {
			isa = XCBuildConfiguration;
			buildSettings = {
				ASSETCATALOG_COMPILER_APPICON_NAME = AppIcon;
				ASSETCATALOG_COMPILER_GLOBAL_ACCENT_COLOR_NAME = AccentColor;
				CODE_SIGN_STYLE = Automatic;
				INFOPLIST_FILE = MiniProject1/Info.plist;
				LD_RUNPATH_SEARCH_PATHS = (
					"$(inherited)",
					"@executable_path/Frameworks",
				);
				PRODUCT_BUNDLE_IDENTIFIER = KWK.MiniProject1;
				PRODUCT_NAME = "$(TARGET_NAME)";
				SWIFT_VERSION = 5.0;
				TARGETED_DEVICE_FAMILY = "1,2";
			};
			name = Release;
		};
		BD1F452A26B1D60700D374AA /* Debug */ = {
			isa = XCBuildConfiguration;
			buildSettings = {
				ALWAYS_EMBED_SWIFT_STANDARD_LIBRARIES = YES;
				BUNDLE_LOADER = "$(TEST_HOST)";
				CODE_SIGN_STYLE = Automatic;
				INFOPLIST_FILE = MiniProject1Tests/Info.plist;
				IPHONEOS_DEPLOYMENT_TARGET = 14.5;
				LD_RUNPATH_SEARCH_PATHS = (
					"$(inherited)",
					"@executable_path/Frameworks",
					"@loader_path/Frameworks",
				);
				PRODUCT_BUNDLE_IDENTIFIER = KWK.MiniProject1Tests;
				PRODUCT_NAME = "$(TARGET_NAME)";
				SWIFT_VERSION = 5.0;
				TARGETED_DEVICE_FAMILY = "1,2";
				TEST_HOST = "$(BUILT_PRODUCTS_DIR)/MiniProject1.app/MiniProject1";
			};
			name = Debug;
		};
		BD1F452B26B1D60700D374AA /* Release */ = {
			isa = XCBuildConfiguration;
			buildSettings = {
				ALWAYS_EMBED_SWIFT_STANDARD_LIBRARIES = YES;
				BUNDLE_LOADER = "$(TEST_HOST)";
				CODE_SIGN_STYLE = Automatic;
				INFOPLIST_FILE = MiniProject1Tests/Info.plist;
				IPHONEOS_DEPLOYMENT_TARGET = 14.5;
				LD_RUNPATH_SEARCH_PATHS = (
					"$(inherited)",
					"@executable_path/Frameworks",
					"@loader_path/Frameworks",
				);
				PRODUCT_BUNDLE_IDENTIFIER = KWK.MiniProject1Tests;
				PRODUCT_NAME = "$(TARGET_NAME)";
				SWIFT_VERSION = 5.0;
				TARGETED_DEVICE_FAMILY = "1,2";
				TEST_HOST = "$(BUILT_PRODUCTS_DIR)/MiniProject1.app/MiniProject1";
			};
			name = Release;
		};
		BD1F452D26B1D60700D374AA /* Debug */ = {
			isa = XCBuildConfiguration;
			buildSettings = {
				ALWAYS_EMBED_SWIFT_STANDARD_LIBRARIES = YES;
				CODE_SIGN_STYLE = Automatic;
				INFOPLIST_FILE = MiniProject1UITests/Info.plist;
				LD_RUNPATH_SEARCH_PATHS = (
					"$(inherited)",
					"@executable_path/Frameworks",
					"@loader_path/Frameworks",
				);
				PRODUCT_BUNDLE_IDENTIFIER = KWK.MiniProject1UITests;
				PRODUCT_NAME = "$(TARGET_NAME)";
				SWIFT_VERSION = 5.0;
				TARGETED_DEVICE_FAMILY = "1,2";
				TEST_TARGET_NAME = MiniProject1;
			};
			name = Debug;
		};
		BD1F452E26B1D60700D374AA /* Release */ = {
			isa = XCBuildConfiguration;
			buildSettings = {
				ALWAYS_EMBED_SWIFT_STANDARD_LIBRARIES = YES;
				CODE_SIGN_STYLE = Automatic;
				INFOPLIST_FILE = MiniProject1UITests/Info.plist;
				LD_RUNPATH_SEARCH_PATHS = (
					"$(inherited)",
					"@executable_path/Frameworks",
					"@loader_path/Frameworks",
				);
				PRODUCT_BUNDLE_IDENTIFIER = KWK.MiniProject1UITests;
				PRODUCT_NAME = "$(TARGET_NAME)";
				SWIFT_VERSION = 5.0;
				TARGETED_DEVICE_FAMILY = "1,2";
				TEST_TARGET_NAME = MiniProject1;
			};
			name = Release;
		};
/* End XCBuildConfiguration section */

/* Begin XCConfigurationList section */
		BD1F44F426B1D60600D374AA /* Build configuration list for PBXProject "MiniProject1" */ = {
			isa = XCConfigurationList;
			buildConfigurations = (
				BD1F452426B1D60700D374AA /* Debug */,
				BD1F452526B1D60700D374AA /* Release */,
			);
			defaultConfigurationIsVisible = 0;
			defaultConfigurationName = Release;
		};
		BD1F452626B1D60700D374AA /* Build configuration list for PBXNativeTarget "MiniProject1" */ = {
			isa = XCConfigurationList;
			buildConfigurations = (
				BD1F452726B1D60700D374AA /* Debug */,
				BD1F452826B1D60700D374AA /* Release */,
			);
			defaultConfigurationIsVisible = 0;
			defaultConfigurationName = Release;
		};
		BD1F452926B1D60700D374AA /* Build configuration list for PBXNativeTarget "MiniProject1Tests" */ = {
			isa = XCConfigurationList;
			buildConfigurations = (
				BD1F452A26B1D60700D374AA /* Debug */,
				BD1F452B26B1D60700D374AA /* Release */,
			);
			defaultConfigurationIsVisible = 0;
			defaultConfigurationName = Release;
		};
		BD1F452C26B1D60700D374AA /* Build configuration list for PBXNativeTarget "MiniProject1UITests" */ = {
			isa = XCConfigurationList;
			buildConfigurations = (
				BD1F452D26B1D60700D374AA /* Debug */,
				BD1F452E26B1D60700D374AA /* Release */,
			);
			defaultConfigurationIsVisible = 0;
			defaultConfigurationName = Release;
		};
/* End XCConfigurationList section */

/* Begin XCVersionGroup section */
		BD1F450526B1D60600D374AA /* MiniProject1.xcdatamodeld */ = {
			isa = XCVersionGroup;
			children = (
				BD1F450626B1D60600D374AA /* MiniProject1.xcdatamodel */,
			);
			currentVersion = BD1F450626B1D60600D374AA /* MiniProject1.xcdatamodel */;
			path = MiniProject1.xcdatamodeld;
			sourceTree = "<group>";
			versionGroupType = wrapper.xcdatamodel;
		};
/* End XCVersionGroup section */
	};
	rootObject = BD1F44F126B1D60600D374AA /* Project object */;
}
