// !$*UTF8*$!
{
	archiveVersion = 1;
	classes = {
	};
	objectVersion = 50;
	objects = {

/* Begin PBXBuildFile section */
		BD1F44BE26B1CA3400D374AA /* AppDelegate.swift in Sources */ = {isa = PBXBuildFile; fileRef = BD1F44BD26B1CA3400D374AA /* AppDelegate.swift */; };
		BD1F44C026B1CA3400D374AA /* SceneDelegate.swift in Sources */ = {isa = PBXBuildFile; fileRef = BD1F44BF26B1CA3400D374AA /* SceneDelegate.swift */; };
		BD1F44C226B1CA3400D374AA /* ViewController.swift in Sources */ = {isa = PBXBuildFile; fileRef = BD1F44C126B1CA3400D374AA /* ViewController.swift */; };
		BD1F44C526B1CA3400D374AA /* Main.storyboard in Resources */ = {isa = PBXBuildFile; fileRef = BD1F44C326B1CA3400D374AA /* Main.storyboard */; };
		BD1F44C826B1CA3400D374AA /* Actions_Outlets.xcdatamodeld in Sources */ = {isa = PBXBuildFile; fileRef = BD1F44C626B1CA3400D374AA /* Actions_Outlets.xcdatamodeld */; };
		BD1F44CA26B1CA3500D374AA /* Assets.xcassets in Resources */ = {isa = PBXBuildFile; fileRef = BD1F44C926B1CA3500D374AA /* Assets.xcassets */; };
		BD1F44CD26B1CA3500D374AA /* LaunchScreen.storyboard in Resources */ = {isa = PBXBuildFile; fileRef = BD1F44CB26B1CA3500D374AA /* LaunchScreen.storyboard */; };
		BD1F44D826B1CA3500D374AA /* Actions_OutletsTests.swift in Sources */ = {isa = PBXBuildFile; fileRef = BD1F44D726B1CA3500D374AA /* Actions_OutletsTests.swift */; };
		BD1F44E326B1CA3500D374AA /* Actions_OutletsUITests.swift in Sources */ = {isa = PBXBuildFile; fileRef = BD1F44E226B1CA3500D374AA /* Actions_OutletsUITests.swift */; };
/* End PBXBuildFile section */

/* Begin PBXContainerItemProxy section */
		BD1F44D426B1CA3500D374AA /* PBXContainerItemProxy */ = {
			isa = PBXContainerItemProxy;
			containerPortal = BD1F44B226B1CA3400D374AA /* Project object */;
			proxyType = 1;
			remoteGlobalIDString = BD1F44B926B1CA3400D374AA;
			remoteInfo = "Actions&Outlets";
		};
		BD1F44DF26B1CA3500D374AA /* PBXContainerItemProxy */ = {
			isa = PBXContainerItemProxy;
			containerPortal = BD1F44B226B1CA3400D374AA /* Project object */;
			proxyType = 1;
			remoteGlobalIDString = BD1F44B926B1CA3400D374AA;
			remoteInfo = "Actions&Outlets";
		};
/* End PBXContainerItemProxy section */

/* Begin PBXFileReference section */
		BD1F44BA26B1CA3400D374AA /* Actions&Outlets.app */ = {isa = PBXFileReference; explicitFileType = wrapper.application; includeInIndex = 0; path = "Actions&Outlets.app"; sourceTree = BUILT_PRODUCTS_DIR; };
		BD1F44BD26B1CA3400D374AA /* AppDelegate.swift */ = {isa = PBXFileReference; lastKnownFileType = sourcecode.swift; path = AppDelegate.swift; sourceTree = "<group>"; };
		BD1F44BF26B1CA3400D374AA /* SceneDelegate.swift */ = {isa = PBXFileReference; lastKnownFileType = sourcecode.swift; path = SceneDelegate.swift; sourceTree = "<group>"; };
		BD1F44C126B1CA3400D374AA /* ViewController.swift */ = {isa = PBXFileReference; lastKnownFileType = sourcecode.swift; path = ViewController.swift; sourceTree = "<group>"; };
		BD1F44C426B1CA3400D374AA /* Base */ = {isa = PBXFileReference; lastKnownFileType = file.storyboard; name = Base; path = Base.lproj/Main.storyboard; sourceTree = "<group>"; };
		BD1F44C726B1CA3400D374AA /* Actions_Outlets.xcdatamodel */ = {isa = PBXFileReference; lastKnownFileType = wrapper.xcdatamodel; path = Actions_Outlets.xcdatamodel; sourceTree = "<group>"; };
		BD1F44C926B1CA3500D374AA /* Assets.xcassets */ = {isa = PBXFileReference; lastKnownFileType = folder.assetcatalog; path = Assets.xcassets; sourceTree = "<group>"; };
		BD1F44CC26B1CA3500D374AA /* Base */ = {isa = PBXFileReference; lastKnownFileType = file.storyboard; name = Base; path = Base.lproj/LaunchScreen.storyboard; sourceTree = "<group>"; };
		BD1F44CE26B1CA3500D374AA /* Info.plist */ = {isa = PBXFileReference; lastKnownFileType = text.plist.xml; path = Info.plist; sourceTree = "<group>"; };
		BD1F44D326B1CA3500D374AA /* Actions&OutletsTests.xctest */ = {isa = PBXFileReference; explicitFileType = wrapper.cfbundle; includeInIndex = 0; path = "Actions&OutletsTests.xctest"; sourceTree = BUILT_PRODUCTS_DIR; };
		BD1F44D726B1CA3500D374AA /* Actions_OutletsTests.swift */ = {isa = PBXFileReference; lastKnownFileType = sourcecode.swift; path = Actions_OutletsTests.swift; sourceTree = "<group>"; };
		BD1F44D926B1CA3500D374AA /* Info.plist */ = {isa = PBXFileReference; lastKnownFileType = text.plist.xml; path = Info.plist; sourceTree = "<group>"; };
		BD1F44DE26B1CA3500D374AA /* Actions&OutletsUITests.xctest */ = {isa = PBXFileReference; explicitFileType = wrapper.cfbundle; includeInIndex = 0; path = "Actions&OutletsUITests.xctest"; sourceTree = BUILT_PRODUCTS_DIR; };
		BD1F44E226B1CA3500D374AA /* Actions_OutletsUITests.swift */ = {isa = PBXFileReference; lastKnownFileType = sourcecode.swift; path = Actions_OutletsUITests.swift; sourceTree = "<group>"; };
		BD1F44E426B1CA3500D374AA /* Info.plist */ = {isa = PBXFileReference; lastKnownFileType = text.plist.xml; path = Info.plist; sourceTree = "<group>"; };
/* End PBXFileReference section */

/* Begin PBXFrameworksBuildPhase section */
		BD1F44B726B1CA3400D374AA /* Frameworks */ = {
			isa = PBXFrameworksBuildPhase;
			buildActionMask = 2147483647;
			files = (
			);
			runOnlyForDeploymentPostprocessing = 0;
		};
		BD1F44D026B1CA3500D374AA /* Frameworks */ = {
			isa = PBXFrameworksBuildPhase;
			buildActionMask = 2147483647;
			files = (
			);
			runOnlyForDeploymentPostprocessing = 0;
		};
		BD1F44DB26B1CA3500D374AA /* Frameworks */ = {
			isa = PBXFrameworksBuildPhase;
			buildActionMask = 2147483647;
			files = (
			);
			runOnlyForDeploymentPostprocessing = 0;
		};
/* End PBXFrameworksBuildPhase section */

/* Begin PBXGroup section */
		BD1F44B126B1CA3400D374AA = {
			isa = PBXGroup;
			children = (
				BD1F44BC26B1CA3400D374AA /* Actions&Outlets */,
				BD1F44D626B1CA3500D374AA /* Actions&OutletsTests */,
				BD1F44E126B1CA3500D374AA /* Actions&OutletsUITests */,
				BD1F44BB26B1CA3400D374AA /* Products */,
			);
			sourceTree = "<group>";
		};
		BD1F44BB26B1CA3400D374AA /* Products */ = {
			isa = PBXGroup;
			children = (
				BD1F44BA26B1CA3400D374AA /* Actions&Outlets.app */,
				BD1F44D326B1CA3500D374AA /* Actions&OutletsTests.xctest */,
				BD1F44DE26B1CA3500D374AA /* Actions&OutletsUITests.xctest */,
			);
			name = Products;
			sourceTree = "<group>";
		};
		BD1F44BC26B1CA3400D374AA /* Actions&Outlets */ = {
			isa = PBXGroup;
			children = (
				BD1F44BD26B1CA3400D374AA /* AppDelegate.swift */,
				BD1F44BF26B1CA3400D374AA /* SceneDelegate.swift */,
				BD1F44C126B1CA3400D374AA /* ViewController.swift */,
				BD1F44C326B1CA3400D374AA /* Main.storyboard */,
				BD1F44C926B1CA3500D374AA /* Assets.xcassets */,
				BD1F44CB26B1CA3500D374AA /* LaunchScreen.storyboard */,
				BD1F44CE26B1CA3500D374AA /* Info.plist */,
				BD1F44C626B1CA3400D374AA /* Actions_Outlets.xcdatamodeld */,
			);
			path = "Actions&Outlets";
			sourceTree = "<group>";
		};
		BD1F44D626B1CA3500D374AA /* Actions&OutletsTests */ = {
			isa = PBXGroup;
			children = (
				BD1F44D726B1CA3500D374AA /* Actions_OutletsTests.swift */,
				BD1F44D926B1CA3500D374AA /* Info.plist */,
			);
			path = "Actions&OutletsTests";
			sourceTree = "<group>";
		};
		BD1F44E126B1CA3500D374AA /* Actions&OutletsUITests */ = {
			isa = PBXGroup;
			children = (
				BD1F44E226B1CA3500D374AA /* Actions_OutletsUITests.swift */,
				BD1F44E426B1CA3500D374AA /* Info.plist */,
			);
			path = "Actions&OutletsUITests";
			sourceTree = "<group>";
		};
/* End PBXGroup section */

/* Begin PBXNativeTarget section */
		BD1F44B926B1CA3400D374AA /* Actions&Outlets */ = {
			isa = PBXNativeTarget;
			buildConfigurationList = BD1F44E726B1CA3500D374AA /* Build configuration list for PBXNativeTarget "Actions&Outlets" */;
			buildPhases = (
				BD1F44B626B1CA3400D374AA /* Sources */,
				BD1F44B726B1CA3400D374AA /* Frameworks */,
				BD1F44B826B1CA3400D374AA /* Resources */,
			);
			buildRules = (
			);
			dependencies = (
			);
			name = "Actions&Outlets";
			productName = "Actions&Outlets";
			productReference = BD1F44BA26B1CA3400D374AA /* Actions&Outlets.app */;
			productType = "com.apple.product-type.application";
		};
		BD1F44D226B1CA3500D374AA /* Actions&OutletsTests */ = {
			isa = PBXNativeTarget;
			buildConfigurationList = BD1F44EA26B1CA3500D374AA /* Build configuration list for PBXNativeTarget "Actions&OutletsTests" */;
			buildPhases = (
				BD1F44CF26B1CA3500D374AA /* Sources */,
				BD1F44D026B1CA3500D374AA /* Frameworks */,
				BD1F44D126B1CA3500D374AA /* Resources */,
			);
			buildRules = (
			);
			dependencies = (
				BD1F44D526B1CA3500D374AA /* PBXTargetDependency */,
			);
			name = "Actions&OutletsTests";
			productName = "Actions&OutletsTests";
			productReference = BD1F44D326B1CA3500D374AA /* Actions&OutletsTests.xctest */;
			productType = "com.apple.product-type.bundle.unit-test";
		};
		BD1F44DD26B1CA3500D374AA /* Actions&OutletsUITests */ = {
			isa = PBXNativeTarget;
			buildConfigurationList = BD1F44ED26B1CA3500D374AA /* Build configuration list for PBXNativeTarget "Actions&OutletsUITests" */;
			buildPhases = (
				BD1F44DA26B1CA3500D374AA /* Sources */,
				BD1F44DB26B1CA3500D374AA /* Frameworks */,
				BD1F44DC26B1CA3500D374AA /* Resources */,
			);
			buildRules = (
			);
			dependencies = (
				BD1F44E026B1CA3500D374AA /* PBXTargetDependency */,
			);
			name = "Actions&OutletsUITests";
			productName = "Actions&OutletsUITests";
			productReference = BD1F44DE26B1CA3500D374AA /* Actions&OutletsUITests.xctest */;
			productType = "com.apple.product-type.bundle.ui-testing";
		};
/* End PBXNativeTarget section */

/* Begin PBXProject section */
		BD1F44B226B1CA3400D374AA /* Project object */ = {
			isa = PBXProject;
			attributes = {
				LastSwiftUpdateCheck = 1250;
				LastUpgradeCheck = 1250;
				TargetAttributes = {
					BD1F44B926B1CA3400D374AA = {
						CreatedOnToolsVersion = 12.5.1;
					};
					BD1F44D226B1CA3500D374AA = {
						CreatedOnToolsVersion = 12.5.1;
						TestTargetID = BD1F44B926B1CA3400D374AA;
					};
					BD1F44DD26B1CA3500D374AA = {
						CreatedOnToolsVersion = 12.5.1;
						TestTargetID = BD1F44B926B1CA3400D374AA;
					};
				};
			};
			buildConfigurationList = BD1F44B526B1CA3400D374AA /* Build configuration list for PBXProject "Actions&Outlets" */;
			compatibilityVersion = "Xcode 9.3";
			developmentRegion = en;
			hasScannedForEncodings = 0;
			knownRegions = (
				en,
				Base,
			);
			mainGroup = BD1F44B126B1CA3400D374AA;
			productRefGroup = BD1F44BB26B1CA3400D374AA /* Products */;
			projectDirPath = "";
			projectRoot = "";
			targets = (
				BD1F44B926B1CA3400D374AA /* Actions&Outlets */,
				BD1F44D226B1CA3500D374AA /* Actions&OutletsTests */,
				BD1F44DD26B1CA3500D374AA /* Actions&OutletsUITests */,
			);
		};
/* End PBXProject section */

/* Begin PBXResourcesBuildPhase section */
		BD1F44B826B1CA3400D374AA /* Resources */ = {
			isa = PBXResourcesBuildPhase;
			buildActionMask = 2147483647;
			files = (
				BD1F44CD26B1CA3500D374AA /* LaunchScreen.storyboard in Resources */,
				BD1F44CA26B1CA3500D374AA /* Assets.xcassets in Resources */,
				BD1F44C526B1CA3400D374AA /* Main.storyboard in Resources */,
			);
			runOnlyForDeploymentPostprocessing = 0;
		};
		BD1F44D126B1CA3500D374AA /* Resources */ = {
			isa = PBXResourcesBuildPhase;
			buildActionMask = 2147483647;
			files = (
			);
			runOnlyForDeploymentPostprocessing = 0;
		};
		BD1F44DC26B1CA3500D374AA /* Resources */ = {
			isa = PBXResourcesBuildPhase;
			buildActionMask = 2147483647;
			files = (
			);
			runOnlyForDeploymentPostprocessing = 0;
		};
/* End PBXResourcesBuildPhase section */

/* Begin PBXSourcesBuildPhase section */
		BD1F44B626B1CA3400D374AA /* Sources */ = {
			isa = PBXSourcesBuildPhase;
			buildActionMask = 2147483647;
			files = (
				BD1F44C826B1CA3400D374AA /* Actions_Outlets.xcdatamodeld in Sources */,
				BD1F44C226B1CA3400D374AA /* ViewController.swift in Sources */,
				BD1F44BE26B1CA3400D374AA /* AppDelegate.swift in Sources */,
				BD1F44C026B1CA3400D374AA /* SceneDelegate.swift in Sources */,
			);
			runOnlyForDeploymentPostprocessing = 0;
		};
		BD1F44CF26B1CA3500D374AA /* Sources */ = {
			isa = PBXSourcesBuildPhase;
			buildActionMask = 2147483647;
			files = (
				BD1F44D826B1CA3500D374AA /* Actions_OutletsTests.swift in Sources */,
			);
			runOnlyForDeploymentPostprocessing = 0;
		};
		BD1F44DA26B1CA3500D374AA /* Sources */ = {
			isa = PBXSourcesBuildPhase;
			buildActionMask = 2147483647;
			files = (
				BD1F44E326B1CA3500D374AA /* Actions_OutletsUITests.swift in Sources */,
			);
			runOnlyForDeploymentPostprocessing = 0;
		};
/* End PBXSourcesBuildPhase section */

/* Begin PBXTargetDependency section */
		BD1F44D526B1CA3500D374AA /* PBXTargetDependency */ = {
			isa = PBXTargetDependency;
			target = BD1F44B926B1CA3400D374AA /* Actions&Outlets */;
			targetProxy = BD1F44D426B1CA3500D374AA /* PBXContainerItemProxy */;
		};
		BD1F44E026B1CA3500D374AA /* PBXTargetDependency */ = {
			isa = PBXTargetDependency;
			target = BD1F44B926B1CA3400D374AA /* Actions&Outlets */;
			targetProxy = BD1F44DF26B1CA3500D374AA /* PBXContainerItemProxy */;
		};
/* End PBXTargetDependency section */

/* Begin PBXVariantGroup section */
		BD1F44C326B1CA3400D374AA /* Main.storyboard */ = {
			isa = PBXVariantGroup;
			children = (
				BD1F44C426B1CA3400D374AA /* Base */,
			);
			name = Main.storyboard;
			sourceTree = "<group>";
		};
		BD1F44CB26B1CA3500D374AA /* LaunchScreen.storyboard */ = {
			isa = PBXVariantGroup;
			children = (
				BD1F44CC26B1CA3500D374AA /* Base */,
			);
			name = LaunchScreen.storyboard;
			sourceTree = "<group>";
		};
/* End PBXVariantGroup section */

/* Begin XCBuildConfiguration section */
		BD1F44E526B1CA3500D374AA /* Debug */ = {
			isa = XCBuildConfiguration;
			buildSettings = {
				ALWAYS_SEARCH_USER_PATHS = NO;
				CLANG_ANALYZER_NONNULL = YES;
				CLANG_ANALYZER_NUMBER_OBJECT_CONVERSION = YES_AGGRESSIVE;
				CLANG_CXX_LANGUAGE_STANDARD = "gnu++14";
				CLANG_CXX_LIBRARY = "libc++";
				CLANG_ENABLE_MODULES = YES;
				CLANG_ENABLE_OBJC_ARC = YES;
				CLANG_ENABLE_OBJC_WEAK = YES;
				CLANG_WARN_BLOCK_CAPTURE_AUTORELEASING = YES;
				CLANG_WARN_BOOL_CONVERSION = YES;
				CLANG_WARN_COMMA = YES;
				CLANG_WARN_CONSTANT_CONVERSION = YES;
				CLANG_WARN_DEPRECATED_OBJC_IMPLEMENTATIONS = YES;
				CLANG_WARN_DIRECT_OBJC_ISA_USAGE = YES_ERROR;
				CLANG_WARN_DOCUMENTATION_COMMENTS = YES;
				CLANG_WARN_EMPTY_BODY = YES;
				CLANG_WARN_ENUM_CONVERSION = YES;
				CLANG_WARN_INFINITE_RECURSION = YES;
				CLANG_WARN_INT_CONVERSION = YES;
				CLANG_WARN_NON_LITERAL_NULL_CONVERSION = YES;
				CLANG_WARN_OBJC_IMPLICIT_RETAIN_SELF = YES;
				CLANG_WARN_OBJC_LITERAL_CONVERSION = YES;
				CLANG_WARN_OBJC_ROOT_CLASS = YES_ERROR;
				CLANG_WARN_QUOTED_INCLUDE_IN_FRAMEWORK_HEADER = YES;
				CLANG_WARN_RANGE_LOOP_ANALYSIS = YES;
				CLANG_WARN_STRICT_PROTOTYPES = YES;
				CLANG_WARN_SUSPICIOUS_MOVE = YES;
				CLANG_WARN_UNGUARDED_AVAILABILITY = YES_AGGRESSIVE;
				CLANG_WARN_UNREACHABLE_CODE = YES;
				CLANG_WARN__DUPLICATE_METHOD_MATCH = YES;
				COPY_PHASE_STRIP = NO;
				DEBUG_INFORMATION_FORMAT = dwarf;
				ENABLE_STRICT_OBJC_MSGSEND = YES;
				ENABLE_TESTABILITY = YES;
				GCC_C_LANGUAGE_STANDARD = gnu11;
				GCC_DYNAMIC_NO_PIC = NO;
				GCC_NO_COMMON_BLOCKS = YES;
				GCC_OPTIMIZATION_LEVEL = 0;
				GCC_PREPROCESSOR_DEFINITIONS = (
					"DEBUG=1",
					"$(inherited)",
				);
				GCC_WARN_64_TO_32_BIT_CONVERSION = YES;
				GCC_WARN_ABOUT_RETURN_TYPE = YES_ERROR;
				GCC_WARN_UNDECLARED_SELECTOR = YES;
				GCC_WARN_UNINITIALIZED_AUTOS = YES_AGGRESSIVE;
				GCC_WARN_UNUSED_FUNCTION = YES;
				GCC_WARN_UNUSED_VARIABLE = YES;
				IPHONEOS_DEPLOYMENT_TARGET = 14.5;
				MTL_ENABLE_DEBUG_INFO = INCLUDE_SOURCE;
				MTL_FAST_MATH = YES;
				ONLY_ACTIVE_ARCH = YES;
				SDKROOT = iphoneos;
				SWIFT_ACTIVE_COMPILATION_CONDITIONS = DEBUG;
				SWIFT_OPTIMIZATION_LEVEL = "-Onone";
			};
			name = Debug;
		};
		BD1F44E626B1CA3500D374AA /* Release */ = {
			isa = XCBuildConfiguration;
			buildSettings = {
				ALWAYS_SEARCH_USER_PATHS = NO;
				CLANG_ANALYZER_NONNULL = YES;
				CLANG_ANALYZER_NUMBER_OBJECT_CONVERSION = YES_AGGRESSIVE;
				CLANG_CXX_LANGUAGE_STANDARD = "gnu++14";
				CLANG_CXX_LIBRARY = "libc++";
				CLANG_ENABLE_MODULES = YES;
				CLANG_ENABLE_OBJC_ARC = YES;
				CLANG_ENABLE_OBJC_WEAK = YES;
				CLANG_WARN_BLOCK_CAPTURE_AUTORELEASING = YES;
				CLANG_WARN_BOOL_CONVERSION = YES;
				CLANG_WARN_COMMA = YES;
				CLANG_WARN_CONSTANT_CONVERSION = YES;
				CLANG_WARN_DEPRECATED_OBJC_IMPLEMENTATIONS = YES;
				CLANG_WARN_DIRECT_OBJC_ISA_USAGE = YES_ERROR;
				CLANG_WARN_DOCUMENTATION_COMMENTS = YES;
				CLANG_WARN_EMPTY_BODY = YES;
				CLANG_WARN_ENUM_CONVERSION = YES;
				CLANG_WARN_INFINITE_RECURSION = YES;
				CLANG_WARN_INT_CONVERSION = YES;
				CLANG_WARN_NON_LITERAL_NULL_CONVERSION = YES;
				CLANG_WARN_OBJC_IMPLICIT_RETAIN_SELF = YES;
				CLANG_WARN_OBJC_LITERAL_CONVERSION = YES;
				CLANG_WARN_OBJC_ROOT_CLASS = YES_ERROR;
				CLANG_WARN_QUOTED_INCLUDE_IN_FRAMEWORK_HEADER = YES;
				CLANG_WARN_RANGE_LOOP_ANALYSIS = YES;
				CLANG_WARN_STRICT_PROTOTYPES = YES;
				CLANG_WARN_SUSPICIOUS_MOVE = YES;
				CLANG_WARN_UNGUARDED_AVAILABILITY = YES_AGGRESSIVE;
				CLANG_WARN_UNREACHABLE_CODE = YES;
				CLANG_WARN__DUPLICATE_METHOD_MATCH = YES;
				COPY_PHASE_STRIP = NO;
				DEBUG_INFORMATION_FORMAT = "dwarf-with-dsym";
				ENABLE_NS_ASSERTIONS = NO;
				ENABLE_STRICT_OBJC_MSGSEND = YES;
				GCC_C_LANGUAGE_STANDARD = gnu11;
				GCC_NO_COMMON_BLOCKS = YES;
				GCC_WARN_64_TO_32_BIT_CONVERSION = YES;
				GCC_WARN_ABOUT_RETURN_TYPE = YES_ERROR;
				GCC_WARN_UNDECLARED_SELECTOR = YES;
				GCC_WARN_UNINITIALIZED_AUTOS = YES_AGGRESSIVE;
				GCC_WARN_UNUSED_FUNCTION = YES;
				GCC_WARN_UNUSED_VARIABLE = YES;
				IPHONEOS_DEPLOYMENT_TARGET = 14.5;
				MTL_ENABLE_DEBUG_INFO = NO;
				MTL_FAST_MATH = YES;
				SDKROOT = iphoneos;
				SWIFT_COMPILATION_MODE = wholemodule;
				SWIFT_OPTIMIZATION_LEVEL = "-O";
				VALIDATE_PRODUCT = YES;
			};
			name = Release;
		};
		BD1F44E826B1CA3500D374AA /* Debug */ = {
			isa = XCBuildConfiguration;
			buildSettings = {
				ASSETCATALOG_COMPILER_APPICON_NAME = AppIcon;
				ASSETCATALOG_COMPILER_GLOBAL_ACCENT_COLOR_NAME = AccentColor;
				CODE_SIGN_STYLE = Automatic;
				INFOPLIST_FILE = "Actions&Outlets/Info.plist";
				LD_RUNPATH_SEARCH_PATHS = (
					"$(inherited)",
					"@executable_path/Frameworks",
				);
				PRODUCT_BUNDLE_IDENTIFIER = "Text.Actions-Outlets";
				PRODUCT_NAME = "$(TARGET_NAME)";
				SWIFT_VERSION = 5.0;
				TARGETED_DEVICE_FAMILY = "1,2";
			};
			name = Debug;
		};
		BD1F44E926B1CA3500D374AA /* Release */ = {
			isa = XCBuildConfiguration;
			buildSettings = {
				ASSETCATALOG_COMPILER_APPICON_NAME = AppIcon;
				ASSETCATALOG_COMPILER_GLOBAL_ACCENT_COLOR_NAME = AccentColor;
				CODE_SIGN_STYLE = Automatic;
				INFOPLIST_FILE = "Actions&Outlets/Info.plist";
				LD_RUNPATH_SEARCH_PATHS = (
					"$(inherited)",
					"@executable_path/Frameworks",
				);
				PRODUCT_BUNDLE_IDENTIFIER = "Text.Actions-Outlets";
				PRODUCT_NAME = "$(TARGET_NAME)";
				SWIFT_VERSION = 5.0;
				TARGETED_DEVICE_FAMILY = "1,2";
			};
			name = Release;
		};
		BD1F44EB26B1CA3500D374AA /* Debug */ = {
			isa = XCBuildConfiguration;
			buildSettings = {
				ALWAYS_EMBED_SWIFT_STANDARD_LIBRARIES = YES;
				BUNDLE_LOADER = "$(TEST_HOST)";
				CODE_SIGN_STYLE = Automatic;
				INFOPLIST_FILE = "Actions&OutletsTests/Info.plist";
				IPHONEOS_DEPLOYMENT_TARGET = 14.5;
				LD_RUNPATH_SEARCH_PATHS = (
					"$(inherited)",
					"@executable_path/Frameworks",
					"@loader_path/Frameworks",
				);
				PRODUCT_BUNDLE_IDENTIFIER = "Text.Actions-OutletsTests";
				PRODUCT_NAME = "$(TARGET_NAME)";
				SWIFT_VERSION = 5.0;
				TARGETED_DEVICE_FAMILY = "1,2";
				TEST_HOST = "$(BUILT_PRODUCTS_DIR)/Actions&Outlets.app/Actions&Outlets";
			};
			name = Debug;
		};
		BD1F44EC26B1CA3500D374AA /* Release */ = {
			isa = XCBuildConfiguration;
			buildSettings = {
				ALWAYS_EMBED_SWIFT_STANDARD_LIBRARIES = YES;
				BUNDLE_LOADER = "$(TEST_HOST)";
				CODE_SIGN_STYLE = Automatic;
				INFOPLIST_FILE = "Actions&OutletsTests/Info.plist";
				IPHONEOS_DEPLOYMENT_TARGET = 14.5;
				LD_RUNPATH_SEARCH_PATHS = (
					"$(inherited)",
					"@executable_path/Frameworks",
					"@loader_path/Frameworks",
				);
				PRODUCT_BUNDLE_IDENTIFIER = "Text.Actions-OutletsTests";
				PRODUCT_NAME = "$(TARGET_NAME)";
				SWIFT_VERSION = 5.0;
				TARGETED_DEVICE_FAMILY = "1,2";
				TEST_HOST = "$(BUILT_PRODUCTS_DIR)/Actions&Outlets.app/Actions&Outlets";
			};
			name = Release;
		};
		BD1F44EE26B1CA3500D374AA /* Debug */ = {
			isa = XCBuildConfiguration;
			buildSettings = {
				ALWAYS_EMBED_SWIFT_STANDARD_LIBRARIES = YES;
				CODE_SIGN_STYLE = Automatic;
				INFOPLIST_FILE = "Actions&OutletsUITests/Info.plist";
				LD_RUNPATH_SEARCH_PATHS = (
					"$(inherited)",
					"@executable_path/Frameworks",
					"@loader_path/Frameworks",
				);
				PRODUCT_BUNDLE_IDENTIFIER = "Text.Actions-OutletsUITests";
				PRODUCT_NAME = "$(TARGET_NAME)";
				SWIFT_VERSION = 5.0;
				TARGETED_DEVICE_FAMILY = "1,2";
				TEST_TARGET_NAME = "Actions&Outlets";
			};
			name = Debug;
		};
		BD1F44EF26B1CA3500D374AA /* Release */ = {
			isa = XCBuildConfiguration;
			buildSettings = {
				ALWAYS_EMBED_SWIFT_STANDARD_LIBRARIES = YES;
				CODE_SIGN_STYLE = Automatic;
				INFOPLIST_FILE = "Actions&OutletsUITests/Info.plist";
				LD_RUNPATH_SEARCH_PATHS = (
					"$(inherited)",
					"@executable_path/Frameworks",
					"@loader_path/Frameworks",
				);
				PRODUCT_BUNDLE_IDENTIFIER = "Text.Actions-OutletsUITests";
				PRODUCT_NAME = "$(TARGET_NAME)";
				SWIFT_VERSION = 5.0;
				TARGETED_DEVICE_FAMILY = "1,2";
				TEST_TARGET_NAME = "Actions&Outlets";
			};
			name = Release;
		};
/* End XCBuildConfiguration section */

/* Begin XCConfigurationList section */
		BD1F44B526B1CA3400D374AA /* Build configuration list for PBXProject "Actions&Outlets" */ = {
			isa = XCConfigurationList;
			buildConfigurations = (
				BD1F44E526B1CA3500D374AA /* Debug */,
				BD1F44E626B1CA3500D374AA /* Release */,
			);
			defaultConfigurationIsVisible = 0;
			defaultConfigurationName = Release;
		};
		BD1F44E726B1CA3500D374AA /* Build configuration list for PBXNativeTarget "Actions&Outlets" */ = {
			isa = XCConfigurationList;
			buildConfigurations = (
				BD1F44E826B1CA3500D374AA /* Debug */,
				BD1F44E926B1CA3500D374AA /* Release */,
			);
			defaultConfigurationIsVisible = 0;
			defaultConfigurationName = Release;
		};
		BD1F44EA26B1CA3500D374AA /* Build configuration list for PBXNativeTarget "Actions&OutletsTests" */ = {
			isa = XCConfigurationList;
			buildConfigurations = (
				BD1F44EB26B1CA3500D374AA /* Debug */,
				BD1F44EC26B1CA3500D374AA /* Release */,
			);
			defaultConfigurationIsVisible = 0;
			defaultConfigurationName = Release;
		};
		BD1F44ED26B1CA3500D374AA /* Build configuration list for PBXNativeTarget "Actions&OutletsUITests" */ = {
			isa = XCConfigurationList;
			buildConfigurations = (
				BD1F44EE26B1CA3500D374AA /* Debug */,
				BD1F44EF26B1CA3500D374AA /* Release */,
			);
			defaultConfigurationIsVisible = 0;
			defaultConfigurationName = Release;
		};
/* End XCConfigurationList section */

/* Begin XCVersionGroup section */
		BD1F44C626B1CA3400D374AA /* Actions_Outlets.xcdatamodeld */ = {
			isa = XCVersionGroup;
			children = (
				BD1F44C726B1CA3400D374AA /* Actions_Outlets.xcdatamodel */,
			);
			currentVersion = BD1F44C726B1CA3400D374AA /* Actions_Outlets.xcdatamodel */;
			path = Actions_Outlets.xcdatamodeld;
			sourceTree = "<group>";
			versionGroupType = wrapper.xcdatamodel;
		};
/* End XCVersionGroup section */
	};
	rootObject = BD1F44B226B1CA3400D374AA /* Project object */;
}
